// !$*UTF8*$!
{
	archiveVersion = 1;
	classes = {
	};
	objectVersion = 55;
	objects = {

/* Begin PBXBuildFile section */
		61479872288FBEA300DDCDA8 /* SwipeTableViewController.swift in Sources */ = {isa = PBXBuildFile; fileRef = 61479871288FBEA300DDCDA8 /* SwipeTableViewController.swift */; };
		61ABD4992893244F00F40B6B /* SwipeCellKit in Frameworks */ = {isa = PBXBuildFile; productRef = 61ABD4982893244F00F40B6B /* SwipeCellKit */; };
		61ABD4A82899A38C00F40B6B /* BoardFactory.swift in Sources */ = {isa = PBXBuildFile; fileRef = 61ABD4A72899A38C00F40B6B /* BoardFactory.swift */; };
		61ABD4AA2899A61B00F40B6B /* Clasico.csv in Resources */ = {isa = PBXBuildFile; fileRef = 61ABD4A92899A61B00F40B6B /* Clasico.csv */; };
		61ACB21F288856A800BEB941 /* BoardGameViewController.swift in Sources */ = {isa = PBXBuildFile; fileRef = 61ACB21E288856A800BEB941 /* BoardGameViewController.swift */; };
		61B4A5E2287CC1CE00B81441 /* AppDelegate.swift in Sources */ = {isa = PBXBuildFile; fileRef = 61B4A5E1287CC1CE00B81441 /* AppDelegate.swift */; };
		61B4A5E4287CC1CE00B81441 /* SceneDelegate.swift in Sources */ = {isa = PBXBuildFile; fileRef = 61B4A5E3287CC1CE00B81441 /* SceneDelegate.swift */; };
		61B4A5E6287CC1CE00B81441 /* MaratonicoTableViewController.swift in Sources */ = {isa = PBXBuildFile; fileRef = 61B4A5E5287CC1CE00B81441 /* MaratonicoTableViewController.swift */; };
		61B4A5E9287CC1CE00B81441 /* Main.storyboard in Resources */ = {isa = PBXBuildFile; fileRef = 61B4A5E7287CC1CE00B81441 /* Main.storyboard */; };
		61B4A5EC287CC1CE00B81441 /* Maratonico.xcdatamodeld in Sources */ = {isa = PBXBuildFile; fileRef = 61B4A5EA287CC1CE00B81441 /* Maratonico.xcdatamodeld */; };
		61B4A5EE287CC1D000B81441 /* Assets.xcassets in Resources */ = {isa = PBXBuildFile; fileRef = 61B4A5ED287CC1D000B81441 /* Assets.xcassets */; };
		61B4A5F1287CC1D000B81441 /* LaunchScreen.storyboard in Resources */ = {isa = PBXBuildFile; fileRef = 61B4A5EF287CC1D000B81441 /* LaunchScreen.storyboard */; };
		61C819CF289B50A400391897 /* DiceeViewController.swift in Sources */ = {isa = PBXBuildFile; fileRef = 61C819CE289B50A400391897 /* DiceeViewController.swift */; };
		823078A498B1010258F82C0D /* Pods_Maratonico.framework in Frameworks */ = {isa = PBXBuildFile; fileRef = 6DD4DD5EB0663DEBCB46D232 /* Pods_Maratonico.framework */; };
/* End PBXBuildFile section */

/* Begin PBXFileReference section */
		09C8BAD7EFCD556B14F56785 /* Pods-Maratonico.debug.xcconfig */ = {isa = PBXFileReference; includeInIndex = 1; lastKnownFileType = text.xcconfig; name = "Pods-Maratonico.debug.xcconfig"; path = "Target Support Files/Pods-Maratonico/Pods-Maratonico.debug.xcconfig"; sourceTree = "<group>"; };
		61479871288FBEA300DDCDA8 /* SwipeTableViewController.swift */ = {isa = PBXFileReference; lastKnownFileType = sourcecode.swift; path = SwipeTableViewController.swift; sourceTree = "<group>"; };
		61ABD4A72899A38C00F40B6B /* BoardFactory.swift */ = {isa = PBXFileReference; lastKnownFileType = sourcecode.swift; path = BoardFactory.swift; sourceTree = "<group>"; };
		61ABD4A92899A61B00F40B6B /* Clasico.csv */ = {isa = PBXFileReference; fileEncoding = 4; lastKnownFileType = text; path = Clasico.csv; sourceTree = "<group>"; };
		61ACB21E288856A800BEB941 /* BoardGameViewController.swift */ = {isa = PBXFileReference; lastKnownFileType = sourcecode.swift; path = BoardGameViewController.swift; sourceTree = "<group>"; };
		61B4A5DE287CC1CE00B81441 /* Maratonico.app */ = {isa = PBXFileReference; explicitFileType = wrapper.application; includeInIndex = 0; path = Maratonico.app; sourceTree = BUILT_PRODUCTS_DIR; };
		61B4A5E1287CC1CE00B81441 /* AppDelegate.swift */ = {isa = PBXFileReference; lastKnownFileType = sourcecode.swift; path = AppDelegate.swift; sourceTree = "<group>"; };
		61B4A5E3287CC1CE00B81441 /* SceneDelegate.swift */ = {isa = PBXFileReference; lastKnownFileType = sourcecode.swift; path = SceneDelegate.swift; sourceTree = "<group>"; };
		61B4A5E5287CC1CE00B81441 /* MaratonicoTableViewController.swift */ = {isa = PBXFileReference; lastKnownFileType = sourcecode.swift; path = MaratonicoTableViewController.swift; sourceTree = "<group>"; };
		61B4A5E8287CC1CE00B81441 /* Base */ = {isa = PBXFileReference; lastKnownFileType = file.storyboard; name = Base; path = Base.lproj/Main.storyboard; sourceTree = "<group>"; };
		61B4A5EB287CC1CE00B81441 /* Maratonico.xcdatamodel */ = {isa = PBXFileReference; lastKnownFileType = wrapper.xcdatamodel; path = Maratonico.xcdatamodel; sourceTree = "<group>"; };
		61B4A5ED287CC1D000B81441 /* Assets.xcassets */ = {isa = PBXFileReference; lastKnownFileType = folder.assetcatalog; path = Assets.xcassets; sourceTree = "<group>"; };
		61B4A5F0287CC1D000B81441 /* Base */ = {isa = PBXFileReference; lastKnownFileType = file.storyboard; name = Base; path = Base.lproj/LaunchScreen.storyboard; sourceTree = "<group>"; };
		61B4A5F2287CC1D000B81441 /* Info.plist */ = {isa = PBXFileReference; lastKnownFileType = text.plist.xml; path = Info.plist; sourceTree = "<group>"; };
		61C819CE289B50A400391897 /* DiceeViewController.swift */ = {isa = PBXFileReference; lastKnownFileType = sourcecode.swift; path = DiceeViewController.swift; sourceTree = "<group>"; };
		6DD4DD5EB0663DEBCB46D232 /* Pods_Maratonico.framework */ = {isa = PBXFileReference; explicitFileType = wrapper.framework; includeInIndex = 0; path = Pods_Maratonico.framework; sourceTree = BUILT_PRODUCTS_DIR; };
		AEADE4C68966751136E428DA /* Pods-Maratonico.release.xcconfig */ = {isa = PBXFileReference; includeInIndex = 1; lastKnownFileType = text.xcconfig; name = "Pods-Maratonico.release.xcconfig"; path = "Target Support Files/Pods-Maratonico/Pods-Maratonico.release.xcconfig"; sourceTree = "<group>"; };
/* End PBXFileReference section */

/* Begin PBXFrameworksBuildPhase section */
		61B4A5DB287CC1CE00B81441 /* Frameworks */ = {
			isa = PBXFrameworksBuildPhase;
			buildActionMask = 2147483647;
			files = (
				61ABD4992893244F00F40B6B /* SwipeCellKit in Frameworks */,
				823078A498B1010258F82C0D /* Pods_Maratonico.framework in Frameworks */,
			);
			runOnlyForDeploymentPostprocessing = 0;
		};
/* End PBXFrameworksBuildPhase section */

/* Begin PBXGroup section */
		0C0A1447291A2EFAA0D26D10 /* Pods */ = {
			isa = PBXGroup;
			children = (
				09C8BAD7EFCD556B14F56785 /* Pods-Maratonico.debug.xcconfig */,
				AEADE4C68966751136E428DA /* Pods-Maratonico.release.xcconfig */,
			);
			path = Pods;
			sourceTree = "<group>";
		};
		61ABD49A28939B2900F40B6B /* Support */ = {
			isa = PBXGroup;
			children = (
				61B4A5ED287CC1D000B81441 /* Assets.xcassets */,
				61ABD4A72899A38C00F40B6B /* BoardFactory.swift */,
			);
			path = Support;
			sourceTree = "<group>";
		};
		61B4A5D5287CC1CE00B81441 = {
			isa = PBXGroup;
			children = (
				61B4A5E0287CC1CE00B81441 /* Maratonico */,
				61B4A5DF287CC1CE00B81441 /* Products */,
				0C0A1447291A2EFAA0D26D10 /* Pods */,
				F6BC7AE8284E6EA0EDD87748 /* Frameworks */,
			);
			sourceTree = "<group>";
		};
		61B4A5DF287CC1CE00B81441 /* Products */ = {
			isa = PBXGroup;
			children = (
				61B4A5DE287CC1CE00B81441 /* Maratonico.app */,
			);
			name = Products;
			sourceTree = "<group>";
		};
		61B4A5E0287CC1CE00B81441 /* Maratonico */ = {
			isa = PBXGroup;
			children = (
				61ABD4A92899A61B00F40B6B /* Clasico.csv */,
				61B4A5E1287CC1CE00B81441 /* AppDelegate.swift */,
				61B4A5E3287CC1CE00B81441 /* SceneDelegate.swift */,
				61B4A5FC287DE62300B81441 /* Models */,
				61B4A5FB287DE61400B81441 /* Views */,
				61B4A5FA287DE60400B81441 /* Controllers */,
				61ABD49A28939B2900F40B6B /* Support */,
				61B4A5F2287CC1D000B81441 /* Info.plist */,
			);
			path = Maratonico;
			sourceTree = "<group>";
		};
		61B4A5FA287DE60400B81441 /* Controllers */ = {
			isa = PBXGroup;
			children = (
				61ACB21E288856A800BEB941 /* BoardGameViewController.swift */,
				61B4A5E5287CC1CE00B81441 /* MaratonicoTableViewController.swift */,
				61479871288FBEA300DDCDA8 /* SwipeTableViewController.swift */,
				61C819CE289B50A400391897 /* DiceeViewController.swift */,
			);
			path = Controllers;
			sourceTree = "<group>";
		};
		61B4A5FB287DE61400B81441 /* Views */ = {
			isa = PBXGroup;
			children = (
				61B4A5EF287CC1D000B81441 /* LaunchScreen.storyboard */,
				61B4A5E7287CC1CE00B81441 /* Main.storyboard */,
			);
			path = Views;
			sourceTree = "<group>";
		};
		61B4A5FC287DE62300B81441 /* Models */ = {
			isa = PBXGroup;
			children = (
				61B4A5EA287CC1CE00B81441 /* Maratonico.xcdatamodeld */,
			);
			path = Models;
			sourceTree = "<group>";
		};
		F6BC7AE8284E6EA0EDD87748 /* Frameworks */ = {
			isa = PBXGroup;
			children = (
				6DD4DD5EB0663DEBCB46D232 /* Pods_Maratonico.framework */,
			);
			name = Frameworks;
			sourceTree = "<group>";
		};
/* End PBXGroup section */

/* Begin PBXNativeTarget section */
		61B4A5DD287CC1CE00B81441 /* Maratonico */ = {
			isa = PBXNativeTarget;
			buildConfigurationList = 61B4A5F5287CC1D000B81441 /* Build configuration list for PBXNativeTarget "Maratonico" */;
			buildPhases = (
				BFCA511093057DD3FFDE00C2 /* [CP] Check Pods Manifest.lock */,
				61B4A5DA287CC1CE00B81441 /* Sources */,
				61B4A5DB287CC1CE00B81441 /* Frameworks */,
				61B4A5DC287CC1CE00B81441 /* Resources */,
				EF33DDE7D7A088D5CE68A1BD /* [CP] Embed Pods Frameworks */,
			);
			buildRules = (
			);
			dependencies = (
			);
			name = Maratonico;
			packageProductDependencies = (
				61ABD4982893244F00F40B6B /* SwipeCellKit */,
			);
			productName = Maratonico;
			productReference = 61B4A5DE287CC1CE00B81441 /* Maratonico.app */;
			productType = "com.apple.product-type.application";
		};
/* End PBXNativeTarget section */

/* Begin PBXProject section */
		61B4A5D6287CC1CE00B81441 /* Project object */ = {
			isa = PBXProject;
			attributes = {
				BuildIndependentTargetsInParallel = 1;
				LastSwiftUpdateCheck = 1340;
				LastUpgradeCheck = 1340;
				TargetAttributes = {
					61B4A5DD287CC1CE00B81441 = {
						CreatedOnToolsVersion = 13.4.1;
					};
				};
			};
			buildConfigurationList = 61B4A5D9287CC1CE00B81441 /* Build configuration list for PBXProject "Maratonico" */;
			compatibilityVersion = "Xcode 13.0";
			developmentRegion = en;
			hasScannedForEncodings = 0;
			knownRegions = (
				en,
				Base,
			);
			mainGroup = 61B4A5D5287CC1CE00B81441;
			packageReferences = (
				61ABD4972893244F00F40B6B /* XCRemoteSwiftPackageReference "SwipeCellKit" */,
			);
			productRefGroup = 61B4A5DF287CC1CE00B81441 /* Products */;
			projectDirPath = "";
			projectRoot = "";
			targets = (
				61B4A5DD287CC1CE00B81441 /* Maratonico */,
			);
		};
/* End PBXProject section */

/* Begin PBXResourcesBuildPhase section */
		61B4A5DC287CC1CE00B81441 /* Resources */ = {
			isa = PBXResourcesBuildPhase;
			buildActionMask = 2147483647;
			files = (
				61B4A5F1287CC1D000B81441 /* LaunchScreen.storyboard in Resources */,
				61B4A5EE287CC1D000B81441 /* Assets.xcassets in Resources */,
				61B4A5E9287CC1CE00B81441 /* Main.storyboard in Resources */,
				61ABD4AA2899A61B00F40B6B /* Clasico.csv in Resources */,
			);
			runOnlyForDeploymentPostprocessing = 0;
		};
/* End PBXResourcesBuildPhase section */

/* Begin PBXShellScriptBuildPhase section */
		BFCA511093057DD3FFDE00C2 /* [CP] Check Pods Manifest.lock */ = {
			isa = PBXShellScriptBuildPhase;
			buildActionMask = 2147483647;
			files = (
			);
			inputFileListPaths = (
			);
			inputPaths = (
				"${PODS_PODFILE_DIR_PATH}/Podfile.lock",
				"${PODS_ROOT}/Manifest.lock",
			);
			name = "[CP] Check Pods Manifest.lock";
			outputFileListPaths = (
			);
			outputPaths = (
				"$(DERIVED_FILE_DIR)/Pods-Maratonico-checkManifestLockResult.txt",
			);
			runOnlyForDeploymentPostprocessing = 0;
			shellPath = /bin/sh;
			shellScript = "diff \"${PODS_PODFILE_DIR_PATH}/Podfile.lock\" \"${PODS_ROOT}/Manifest.lock\" > /dev/null\nif [ $? != 0 ] ; then\n    # print error to STDERR\n    echo \"error: The sandbox is not in sync with the Podfile.lock. Run 'pod install' or update your CocoaPods installation.\" >&2\n    exit 1\nfi\n# This output is used by Xcode 'outputs' to avoid re-running this script phase.\necho \"SUCCESS\" > \"${SCRIPT_OUTPUT_FILE_0}\"\n";
			showEnvVarsInLog = 0;
		};
		EF33DDE7D7A088D5CE68A1BD /* [CP] Embed Pods Frameworks */ = {
			isa = PBXShellScriptBuildPhase;
			buildActionMask = 2147483647;
			files = (
			);
			inputFileListPaths = (
				"${PODS_ROOT}/Target Support Files/Pods-Maratonico/Pods-Maratonico-frameworks-${CONFIGURATION}-input-files.xcfilelist",
			);
			name = "[CP] Embed Pods Frameworks";
			outputFileListPaths = (
				"${PODS_ROOT}/Target Support Files/Pods-Maratonico/Pods-Maratonico-frameworks-${CONFIGURATION}-output-files.xcfilelist",
			);
			runOnlyForDeploymentPostprocessing = 0;
			shellPath = /bin/sh;
			shellScript = "\"${PODS_ROOT}/Target Support Files/Pods-Maratonico/Pods-Maratonico-frameworks.sh\"\n";
			showEnvVarsInLog = 0;
		};
/* End PBXShellScriptBuildPhase section */

/* Begin PBXSourcesBuildPhase section */
		61B4A5DA287CC1CE00B81441 /* Sources */ = {
			isa = PBXSourcesBuildPhase;
			buildActionMask = 2147483647;
			files = (
				61B4A5EC287CC1CE00B81441 /* Maratonico.xcdatamodeld in Sources */,
				61ABD4A82899A38C00F40B6B /* BoardFactory.swift in Sources */,
				61B4A5E6287CC1CE00B81441 /* MaratonicoTableViewController.swift in Sources */,
				61ACB21F288856A800BEB941 /* BoardGameViewController.swift in Sources */,
				61B4A5E2287CC1CE00B81441 /* AppDelegate.swift in Sources */,
				61C819CF289B50A400391897 /* DiceeViewController.swift in Sources */,
				61479872288FBEA300DDCDA8 /* SwipeTableViewController.swift in Sources */,
				61B4A5E4287CC1CE00B81441 /* SceneDelegate.swift in Sources */,
			);
			runOnlyForDeploymentPostprocessing = 0;
		};
/* End PBXSourcesBuildPhase section */

/* Begin PBXVariantGroup section */
		61B4A5E7287CC1CE00B81441 /* Main.storyboard */ = {
			isa = PBXVariantGroup;
			children = (
				61B4A5E8287CC1CE00B81441 /* Base */,
			);
			name = Main.storyboard;
			sourceTree = "<group>";
		};
		61B4A5EF287CC1D000B81441 /* LaunchScreen.storyboard */ = {
			isa = PBXVariantGroup;
			children = (
				61B4A5F0287CC1D000B81441 /* Base */,
			);
			name = LaunchScreen.storyboard;
			sourceTree = "<group>";
		};
/* End PBXVariantGroup section */

/* Begin XCBuildConfiguration section */
		61B4A5F3287CC1D000B81441 /* Debug */ = {
			isa = XCBuildConfiguration;
			buildSettings = {
				ALWAYS_SEARCH_USER_PATHS = NO;
				CLANG_ANALYZER_NONNULL = YES;
				CLANG_ANALYZER_NUMBER_OBJECT_CONVERSION = YES_AGGRESSIVE;
				CLANG_CXX_LANGUAGE_STANDARD = "gnu++17";
				CLANG_ENABLE_MODULES = YES;
				CLANG_ENABLE_OBJC_ARC = YES;
				CLANG_ENABLE_OBJC_WEAK = YES;
				CLANG_WARN_BLOCK_CAPTURE_AUTORELEASING = YES;
				CLANG_WARN_BOOL_CONVERSION = YES;
				CLANG_WARN_COMMA = YES;
				CLANG_WARN_CONSTANT_CONVERSION = YES;
				CLANG_WARN_DEPRECATED_OBJC_IMPLEMENTATIONS = YES;
				CLANG_WARN_DIRECT_OBJC_ISA_USAGE = YES_ERROR;
				CLANG_WARN_DOCUMENTATION_COMMENTS = YES;
				CLANG_WARN_EMPTY_BODY = YES;
				CLANG_WARN_ENUM_CONVERSION = YES;
				CLANG_WARN_INFINITE_RECURSION = YES;
				CLANG_WARN_INT_CONVERSION = YES;
				CLANG_WARN_NON_LITERAL_NULL_CONVERSION = YES;
				CLANG_WARN_OBJC_IMPLICIT_RETAIN_SELF = YES;
				CLANG_WARN_OBJC_LITERAL_CONVERSION = YES;
				CLANG_WARN_OBJC_ROOT_CLASS = YES_ERROR;
				CLANG_WARN_QUOTED_INCLUDE_IN_FRAMEWORK_HEADER = YES;
				CLANG_WARN_RANGE_LOOP_ANALYSIS = YES;
				CLANG_WARN_STRICT_PROTOTYPES = YES;
				CLANG_WARN_SUSPICIOUS_MOVE = YES;
				CLANG_WARN_UNGUARDED_AVAILABILITY = YES_AGGRESSIVE;
				CLANG_WARN_UNREACHABLE_CODE = YES;
				CLANG_WARN__DUPLICATE_METHOD_MATCH = YES;
				COPY_PHASE_STRIP = NO;
				DEBUG_INFORMATION_FORMAT = dwarf;
				ENABLE_STRICT_OBJC_MSGSEND = YES;
				ENABLE_TESTABILITY = YES;
				GCC_C_LANGUAGE_STANDARD = gnu11;
				GCC_DYNAMIC_NO_PIC = NO;
				GCC_NO_COMMON_BLOCKS = YES;
				GCC_OPTIMIZATION_LEVEL = 0;
				GCC_PREPROCESSOR_DEFINITIONS = (
					"DEBUG=1",
					"$(inherited)",
				);
				GCC_WARN_64_TO_32_BIT_CONVERSION = YES;
				GCC_WARN_ABOUT_RETURN_TYPE = YES_ERROR;
				GCC_WARN_UNDECLARED_SELECTOR = YES;
				GCC_WARN_UNINITIALIZED_AUTOS = YES_AGGRESSIVE;
				GCC_WARN_UNUSED_FUNCTION = YES;
				GCC_WARN_UNUSED_VARIABLE = YES;
				IPHONEOS_DEPLOYMENT_TARGET = 15.5;
				MTL_ENABLE_DEBUG_INFO = INCLUDE_SOURCE;
				MTL_FAST_MATH = YES;
				ONLY_ACTIVE_ARCH = YES;
				SDKROOT = iphoneos;
				SWIFT_ACTIVE_COMPILATION_CONDITIONS = DEBUG;
				SWIFT_OPTIMIZATION_LEVEL = "-Onone";
			};
			name = Debug;
		};
		61B4A5F4287CC1D000B81441 /* Release */ = {
			isa = XCBuildConfiguration;
			buildSettings = {
				ALWAYS_SEARCH_USER_PATHS = NO;
				CLANG_ANALYZER_NONNULL = YES;
				CLANG_ANALYZER_NUMBER_OBJECT_CONVERSION = YES_AGGRESSIVE;
				CLANG_CXX_LANGUAGE_STANDARD = "gnu++17";
				CLANG_ENABLE_MODULES = YES;
				CLANG_ENABLE_OBJC_ARC = YES;
				CLANG_ENABLE_OBJC_WEAK = YES;
				CLANG_WARN_BLOCK_CAPTURE_AUTORELEASING = YES;
				CLANG_WARN_BOOL_CONVERSION = YES;
				CLANG_WARN_COMMA = YES;
				CLANG_WARN_CONSTANT_CONVERSION = YES;
				CLANG_WARN_DEPRECATED_OBJC_IMPLEMENTATIONS = YES;
				CLANG_WARN_DIRECT_OBJC_ISA_USAGE = YES_ERROR;
				CLANG_WARN_DOCUMENTATION_COMMENTS = YES;
				CLANG_WARN_EMPTY_BODY = YES;
				CLANG_WARN_ENUM_CONVERSION = YES;
				CLANG_WARN_INFINITE_RECURSION = YES;
				CLANG_WARN_INT_CONVERSION = YES;
				CLANG_WARN_NON_LITERAL_NULL_CONVERSION = YES;
				CLANG_WARN_OBJC_IMPLICIT_RETAIN_SELF = YES;
				CLANG_WARN_OBJC_LITERAL_CONVERSION = YES;
				CLANG_WARN_OBJC_ROOT_CLASS = YES_ERROR;
				CLANG_WARN_QUOTED_INCLUDE_IN_FRAMEWORK_HEADER = YES;
				CLANG_WARN_RANGE_LOOP_ANALYSIS = YES;
				CLANG_WARN_STRICT_PROTOTYPES = YES;
				CLANG_WARN_SUSPICIOUS_MOVE = YES;
				CLANG_WARN_UNGUARDED_AVAILABILITY = YES_AGGRESSIVE;
				CLANG_WARN_UNREACHABLE_CODE = YES;
				CLANG_WARN__DUPLICATE_METHOD_MATCH = YES;
				COPY_PHASE_STRIP = NO;
				DEBUG_INFORMATION_FORMAT = "dwarf-with-dsym";
				ENABLE_NS_ASSERTIONS = NO;
				ENABLE_STRICT_OBJC_MSGSEND = YES;
				GCC_C_LANGUAGE_STANDARD = gnu11;
				GCC_NO_COMMON_BLOCKS = YES;
				GCC_WARN_64_TO_32_BIT_CONVERSION = YES;
				GCC_WARN_ABOUT_RETURN_TYPE = YES_ERROR;
				GCC_WARN_UNDECLARED_SELECTOR = YES;
				GCC_WARN_UNINITIALIZED_AUTOS = YES_AGGRESSIVE;
				GCC_WARN_UNUSED_FUNCTION = YES;
				GCC_WARN_UNUSED_VARIABLE = YES;
				IPHONEOS_DEPLOYMENT_TARGET = 15.5;
				MTL_ENABLE_DEBUG_INFO = NO;
				MTL_FAST_MATH = YES;
				SDKROOT = iphoneos;
				SWIFT_COMPILATION_MODE = wholemodule;
				SWIFT_OPTIMIZATION_LEVEL = "-O";
				VALIDATE_PRODUCT = YES;
			};
			name = Release;
		};
		61B4A5F6287CC1D000B81441 /* Debug */ = {
			isa = XCBuildConfiguration;
			baseConfigurationReference = 09C8BAD7EFCD556B14F56785 /* Pods-Maratonico.debug.xcconfig */;
			buildSettings = {
				ASSETCATALOG_COMPILER_APPICON_NAME = AppIcon;
				ASSETCATALOG_COMPILER_GLOBAL_ACCENT_COLOR_NAME = AccentColor;
				CODE_SIGN_STYLE = Automatic;
				CURRENT_PROJECT_VERSION = 1;
				DEVELOPMENT_TEAM = D7RW4JME9U;
				GENERATE_INFOPLIST_FILE = YES;
				INFOPLIST_FILE = Maratonico/Info.plist;
				INFOPLIST_KEY_UIApplicationSupportsIndirectInputEvents = YES;
				INFOPLIST_KEY_UILaunchStoryboardName = LaunchScreen;
				INFOPLIST_KEY_UIMainStoryboardFile = Main;
				INFOPLIST_KEY_UISupportedInterfaceOrientations = UIInterfaceOrientationPortrait;
				INFOPLIST_KEY_UISupportedInterfaceOrientations_iPad = "UIInterfaceOrientationPortrait UIInterfaceOrientationPortraitUpsideDown UIInterfaceOrientationLandscapeLeft UIInterfaceOrientationLandscapeRight";
				INFOPLIST_KEY_UISupportedInterfaceOrientations_iPhone = "UIInterfaceOrientationPortrait UIInterfaceOrientationLandscapeLeft UIInterfaceOrientationLandscapeRight";
				LD_RUNPATH_SEARCH_PATHS = (
					"$(inherited)",
					"@executable_path/Frameworks",
				);
				MARKETING_VERSION = 1.0;
				PRODUCT_BUNDLE_IDENTIFIER = com.corosoftware.Maratonico;
				PRODUCT_NAME = "$(TARGET_NAME)";
				SWIFT_EMIT_LOC_STRINGS = YES;
				SWIFT_VERSION = 5.0;
				TARGETED_DEVICE_FAMILY = 1;
			};
			name = Debug;
		};
		61B4A5F7287CC1D000B81441 /* Release */ = {
			isa = XCBuildConfiguration;
			baseConfigurationReference = AEADE4C68966751136E428DA /* Pods-Maratonico.release.xcconfig */;
			buildSettings = {
				ASSETCATALOG_COMPILER_APPICON_NAME = AppIcon;
				ASSETCATALOG_COMPILER_GLOBAL_ACCENT_COLOR_NAME = AccentColor;
				CODE_SIGN_STYLE = Automatic;
				CURRENT_PROJECT_VERSION = 1;
				DEVELOPMENT_TEAM = D7RW4JME9U;
				GENERATE_INFOPLIST_FILE = YES;
				INFOPLIST_FILE = Maratonico/Info.plist;
				INFOPLIST_KEY_UIApplicationSupportsIndirectInputEvents = YES;
				INFOPLIST_KEY_UILaunchStoryboardName = LaunchScreen;
				INFOPLIST_KEY_UIMainStoryboardFile = Main;
				INFOPLIST_KEY_UISupportedInterfaceOrientations = UIInterfaceOrientationPortrait;
				INFOPLIST_KEY_UISupportedInterfaceOrientations_iPad = "UIInterfaceOrientationPortrait UIInterfaceOrientationPortraitUpsideDown UIInterfaceOrientationLandscapeLeft UIInterfaceOrientationLandscapeRight";
				INFOPLIST_KEY_UISupportedInterfaceOrientations_iPhone = "UIInterfaceOrientationPortrait UIInterfaceOrientationLandscapeLeft UIInterfaceOrientationLandscapeRight";
				LD_RUNPATH_SEARCH_PATHS = (
					"$(inherited)",
					"@executable_path/Frameworks",
				);
				MARKETING_VERSION = 1.0;
				PRODUCT_BUNDLE_IDENTIFIER = com.corosoftware.Maratonico;
				PRODUCT_NAME = "$(TARGET_NAME)";
				SWIFT_EMIT_LOC_STRINGS = YES;
				SWIFT_VERSION = 5.0;
				TARGETED_DEVICE_FAMILY = 1;
			};
			name = Release;
		};
/* End XCBuildConfiguration section */

/* Begin XCConfigurationList section */
		61B4A5D9287CC1CE00B81441 /* Build configuration list for PBXProject "Maratonico" */ = {
			isa = XCConfigurationList;
			buildConfigurations = (
				61B4A5F3287CC1D000B81441 /* Debug */,
				61B4A5F4287CC1D000B81441 /* Release */,
			);
			defaultConfigurationIsVisible = 0;
			defaultConfigurationName = Release;
		};
		61B4A5F5287CC1D000B81441 /* Build configuration list for PBXNativeTarget "Maratonico" */ = {
			isa = XCConfigurationList;
			buildConfigurations = (
				61B4A5F6287CC1D000B81441 /* Debug */,
				61B4A5F7287CC1D000B81441 /* Release */,
			);
			defaultConfigurationIsVisible = 0;
			defaultConfigurationName = Release;
		};
/* End XCConfigurationList section */

/* Begin XCRemoteSwiftPackageReference section */
		61ABD4972893244F00F40B6B /* XCRemoteSwiftPackageReference "SwipeCellKit" */ = {
			isa = XCRemoteSwiftPackageReference;
			repositoryURL = "https://github.com/SwipeCellKit/SwipeCellKit";
			requirement = {
				kind = exactVersion;
				version = 2.7.1;
			};
		};
/* End XCRemoteSwiftPackageReference section */

/* Begin XCSwiftPackageProductDependency section */
		61ABD4982893244F00F40B6B /* SwipeCellKit */ = {
			isa = XCSwiftPackageProductDependency;
			package = 61ABD4972893244F00F40B6B /* XCRemoteSwiftPackageReference "SwipeCellKit" */;
			productName = SwipeCellKit;
		};
/* End XCSwiftPackageProductDependency section */

/* Begin XCVersionGroup section */
		61B4A5EA287CC1CE00B81441 /* Maratonico.xcdatamodeld */ = {
			isa = XCVersionGroup;
			children = (
				61B4A5EB287CC1CE00B81441 /* Maratonico.xcdatamodel */,
			);
			currentVersion = 61B4A5EB287CC1CE00B81441 /* Maratonico.xcdatamodel */;
			path = Maratonico.xcdatamodeld;
			sourceTree = "<group>";
			versionGroupType = wrapper.xcdatamodel;
		};
/* End XCVersionGroup section */
	};
	rootObject = 61B4A5D6287CC1CE00B81441 /* Project object */;
}
